<?xml version="1.0" encoding="utf-8"?>
<Project ToolsVersion="4.0" xmlns="http://schemas.microsoft.com/developer/msbuild/2003">
  <ItemGroup>
    <Filter Include="ForgeCraft">
      <UniqueIdentifier>{486A1BF1-3422-5D3E-9D29-369A8900F82E}</UniqueIdentifier>
    </Filter>
    <Filter Include="ForgeCraft\Events">
      <UniqueIdentifier>{2CB5D9C4-98CB-D75A-E142-637C4D98A8E2}</UniqueIdentifier>
    </Filter>
  </ItemGroup>
  <ItemGroup>
    <ClInclude Include="src\ForgeCraft.h" />
    <ClInclude Include="src\ForgeCraft\Application.h">
      <Filter>ForgeCraft</Filter>
    </ClInclude>
    <ClInclude Include="src\ForgeCraft\Core.h">
      <Filter>ForgeCraft</Filter>
    </ClInclude>
    <ClInclude Include="src\ForgeCraft\EntryPoint.h">
      <Filter>ForgeCraft</Filter>
    </ClInclude>
    <ClInclude Include="src\ForgeCraft\Events\ApplicationEvent.h">
      <Filter>ForgeCraft\Events</Filter>
    </ClInclude>
    <ClInclude Include="src\ForgeCraft\Events\Event.h">
      <Filter>ForgeCraft\Events</Filter>
    </ClInclude>
    <ClInclude Include="src\ForgeCraft\Events\KeyEvent.h">
      <Filter>ForgeCraft\Events</Filter>
    </ClInclude>
    <ClInclude Include="src\ForgeCraft\Events\MouseEvent.h">
      <Filter>ForgeCraft\Events</Filter>
    </ClInclude>
    <ClInclude Include="src\ForgeCraft\Log.h">
      <Filter>ForgeCraft</Filter>
    </ClInclude>
  </ItemGroup>
  <ItemGroup>
    <ClCompile Include="src\ForgeCraft\Application.cpp">
      <Filter>ForgeCraft</Filter>
    </ClCompile>
    <ClCompile Include="src\ForgeCraft\Log.cpp">
      <Filter>ForgeCraft</Filter>
    </ClCompile>
  </ItemGroup>
</Project>